
Microsoft Visual Studio Solution File, Format Version 12.00
# Visual Studio 15
VisualStudioVersion = 15.0.28307.1062
MinimumVisualStudioVersion = 10.0.40219.1
Project("{9A19103F-16F7-4668-BE54-9A1E7A4F7556}") = "stockr.mssql", "stockr.mssql\stockr.mssql.csproj", "{921D9AA5-CF1C-4E9D-B05A-20E4CA0EAD27}"
EndProject
Project("{888888A0-9F3D-457C-B088-3A5042F75D52}") = "stockr.py", "stockr.py\stockr.py.pyproj", "{025BD6B7-BC6E-44A7-8FA2-5843CC6EBF85}"
EndProject
Project("{9A19103F-16F7-4668-BE54-9A1E7A4F7556}") = "stockr.sseclient", "stockr.sseclient\stockr.sseclient.csproj", "{230E17AD-3951-4672-B7AF-ACB8DDB61636}"
EndProject
Project("{9A19103F-16F7-4668-BE54-9A1E7A4F7556}") = "stockr.service", "stockr.service\stockr.service.csproj", "{88D86F5A-C139-481F-A28A-45A61DE88E2B}"
EndProject
Global
	GlobalSection(SolutionConfigurationPlatforms) = preSolution
		Debug|Any CPU = Debug|Any CPU
		Release|Any CPU = Release|Any CPU
	EndGlobalSection
	GlobalSection(ProjectConfigurationPlatforms) = postSolution
		{921D9AA5-CF1C-4E9D-B05A-20E4CA0EAD27}.Debug|Any CPU.ActiveCfg = Debug|Any CPU
		{921D9AA5-CF1C-4E9D-B05A-20E4CA0EAD27}.Debug|Any CPU.Build.0 = Debug|Any CPU
		{921D9AA5-CF1C-4E9D-B05A-20E4CA0EAD27}.Release|Any CPU.ActiveCfg = Release|Any CPU
		{921D9AA5-CF1C-4E9D-B05A-20E4CA0EAD27}.Release|Any CPU.Build.0 = Release|Any CPU
		{025BD6B7-BC6E-44A7-8FA2-5843CC6EBF85}.Debug|Any CPU.ActiveCfg = Debug|Any CPU
		{025BD6B7-BC6E-44A7-8FA2-5843CC6EBF85}.Release|Any CPU.ActiveCfg = Release|Any CPU
		{230E17AD-3951-4672-B7AF-ACB8DDB61636}.Debug|Any CPU.ActiveCfg = Debug|Any CPU
		{230E17AD-3951-4672-B7AF-ACB8DDB61636}.Debug|Any CPU.Build.0 = Debug|Any CPU
		{230E17AD-3951-4672-B7AF-ACB8DDB61636}.Release|Any CPU.ActiveCfg = Release|Any CPU
		{230E17AD-3951-4672-B7AF-ACB8DDB61636}.Release|Any CPU.Build.0 = Release|Any CPU
		{88D86F5A-C139-481F-A28A-45A61DE88E2B}.Debug|Any CPU.ActiveCfg = Debug|Any CPU
		{88D86F5A-C139-481F-A28A-45A61DE88E2B}.Debug|Any CPU.Build.0 = Debug|Any CPU
		{88D86F5A-C139-481F-A28A-45A61DE88E2B}.Release|Any CPU.ActiveCfg = Release|Any CPU
		{88D86F5A-C139-481F-A28A-45A61DE88E2B}.Release|Any CPU.Build.0 = Release|Any CPU
	EndGlobalSection
	GlobalSection(SolutionProperties) = preSolution
		HideSolutionNode = FALSE
	EndGlobalSection
	GlobalSection(ExtensibilityGlobals) = postSolution
		SolutionGuid = {CC612387-51BF-4E13-9B52-02D49D33BE8D}
	EndGlobalSection
EndGlobal
